
Microsoft Visual Studio Solution File, Format Version 12.00
# Visual Studio Version 17
VisualStudioVersion = 17.1.32407.343
MinimumVisualStudioVersion = 10.0.40219.1
Project("{8BC9CEB8-8B4A-11D0-8D11-00A0C91BC942}") = "SigComparer", "SigComparer\SigComparer.vcxproj", "{EE9F441B-6BD0-4F8C-BAAE-176B684CB8A0}"
EndProject
Global
	GlobalSection(SolutionConfigurationPlatforms) = preSolution
		Debug|x64 = Debug|x64
		Debug|x86 = Debug|x86
		Release|x64 = Release|x64
		Release|x86 = Release|x86
	EndGlobalSection
	GlobalSection(ProjectConfigurationPlatforms) = postSolution
		{EE9F441B-6BD0-4F8C-BAAE-176B684CB8A0}.Debug|x64.ActiveCfg = Debug|x64
		{EE9F441B-6BD0-4F8C-BAAE-176B684CB8A0}.Debug|x64.Build.0 = Debug|x64
		{EE9F441B-6BD0-4F8C-BAAE-176B684CB8A0}.Debug|x86.ActiveCfg = Debug|Win32
		{EE9F441B-6BD0-4F8C-BAAE-176B684CB8A0}.Debug|x86.Build.0 = Debug|Win32
		{EE9F441B-6BD0-4F8C-BAAE-176B684CB8A0}.Release|x64.ActiveCfg = Release|x64
		{EE9F441B-6BD0-4F8C-BAAE-176B684CB8A0}.Release|x64.Build.0 = Release|x64
		{EE9F441B-6BD0-4F8C-BAAE-176B684CB8A0}.Release|x86.ActiveCfg = Release|Win32
		{EE9F441B-6BD0-4F8C-BAAE-176B684CB8A0}.Release|x86.Build.0 = Release|Win32
	EndGlobalSection
	GlobalSection(SolutionProperties) = preSolution
		HideSolutionNode = FALSE
	EndGlobalSection
	GlobalSection(ExtensibilityGlobals) = postSolution
		SolutionGuid = {C260249B-0A4C-4C6F-AD0A-0C318C92A76E}
	EndGlobalSection
EndGlobal
